
Microsoft Visual Studio Solution File, Format Version 12.00
# Visual Studio 15
VisualStudioVersion = 15.0.26124.0
MinimumVisualStudioVersion = 15.0.26124.0
Project("{FAE04EC0-301F-11D3-BF4B-00C04F79EFBC}") = "PaymentContext.Domain", "PaymentContext.Domain\PaymentContext.Domain.csproj", "{1BCA8D0E-D1FD-49EC-9BD9-46273014CF2A}"
EndProject
Project("{FAE04EC0-301F-11D3-BF4B-00C04F79EFBC}") = "PaymentContext.Shared", "PaymentContext.Shared\PaymentContext.Shared.csproj", "{5D2D7084-0819-4772-955B-BC5F0CE0C35F}"
EndProject
Project("{FAE04EC0-301F-11D3-BF4B-00C04F79EFBC}") = "PaymentContext.Tests", "PaymentContext.Tests\PaymentContext.Tests.csproj", "{60A3E73A-D837-441E-9639-0DE244DC9B21}"
EndProject
Global
	GlobalSection(SolutionConfigurationPlatforms) = preSolution
		Debug|Any CPU = Debug|Any CPU
		Debug|x64 = Debug|x64
		Debug|x86 = Debug|x86
		Release|Any CPU = Release|Any CPU
		Release|x64 = Release|x64
		Release|x86 = Release|x86
	EndGlobalSection
	GlobalSection(SolutionProperties) = preSolution
		HideSolutionNode = FALSE
	EndGlobalSection
	GlobalSection(ProjectConfigurationPlatforms) = postSolution
		{1BCA8D0E-D1FD-49EC-9BD9-46273014CF2A}.Debug|Any CPU.ActiveCfg = Debug|Any CPU
		{1BCA8D0E-D1FD-49EC-9BD9-46273014CF2A}.Debug|Any CPU.Build.0 = Debug|Any CPU
		{1BCA8D0E-D1FD-49EC-9BD9-46273014CF2A}.Debug|x64.ActiveCfg = Debug|Any CPU
		{1BCA8D0E-D1FD-49EC-9BD9-46273014CF2A}.Debug|x64.Build.0 = Debug|Any CPU
		{1BCA8D0E-D1FD-49EC-9BD9-46273014CF2A}.Debug|x86.ActiveCfg = Debug|Any CPU
		{1BCA8D0E-D1FD-49EC-9BD9-46273014CF2A}.Debug|x86.Build.0 = Debug|Any CPU
		{1BCA8D0E-D1FD-49EC-9BD9-46273014CF2A}.Release|Any CPU.ActiveCfg = Release|Any CPU
		{1BCA8D0E-D1FD-49EC-9BD9-46273014CF2A}.Release|Any CPU.Build.0 = Release|Any CPU
		{1BCA8D0E-D1FD-49EC-9BD9-46273014CF2A}.Release|x64.ActiveCfg = Release|Any CPU
		{1BCA8D0E-D1FD-49EC-9BD9-46273014CF2A}.Release|x64.Build.0 = Release|Any CPU
		{1BCA8D0E-D1FD-49EC-9BD9-46273014CF2A}.Release|x86.ActiveCfg = Release|Any CPU
		{1BCA8D0E-D1FD-49EC-9BD9-46273014CF2A}.Release|x86.Build.0 = Release|Any CPU
		{5D2D7084-0819-4772-955B-BC5F0CE0C35F}.Debug|Any CPU.ActiveCfg = Debug|Any CPU
		{5D2D7084-0819-4772-955B-BC5F0CE0C35F}.Debug|Any CPU.Build.0 = Debug|Any CPU
		{5D2D7084-0819-4772-955B-BC5F0CE0C35F}.Debug|x64.ActiveCfg = Debug|Any CPU
		{5D2D7084-0819-4772-955B-BC5F0CE0C35F}.Debug|x64.Build.0 = Debug|Any CPU
		{5D2D7084-0819-4772-955B-BC5F0CE0C35F}.Debug|x86.ActiveCfg = Debug|Any CPU
		{5D2D7084-0819-4772-955B-BC5F0CE0C35F}.Debug|x86.Build.0 = Debug|Any CPU
		{5D2D7084-0819-4772-955B-BC5F0CE0C35F}.Release|Any CPU.ActiveCfg = Release|Any CPU
		{5D2D7084-0819-4772-955B-BC5F0CE0C35F}.Release|Any CPU.Build.0 = Release|Any CPU
		{5D2D7084-0819-4772-955B-BC5F0CE0C35F}.Release|x64.ActiveCfg = Release|Any CPU
		{5D2D7084-0819-4772-955B-BC5F0CE0C35F}.Release|x64.Build.0 = Release|Any CPU
		{5D2D7084-0819-4772-955B-BC5F0CE0C35F}.Release|x86.ActiveCfg = Release|Any CPU
		{5D2D7084-0819-4772-955B-BC5F0CE0C35F}.Release|x86.Build.0 = Release|Any CPU
		{60A3E73A-D837-441E-9639-0DE244DC9B21}.Debug|Any CPU.ActiveCfg = Debug|Any CPU
		{60A3E73A-D837-441E-9639-0DE244DC9B21}.Debug|Any CPU.Build.0 = Debug|Any CPU
		{60A3E73A-D837-441E-9639-0DE244DC9B21}.Debug|x64.ActiveCfg = Debug|Any CPU
		{60A3E73A-D837-441E-9639-0DE244DC9B21}.Debug|x64.Build.0 = Debug|Any CPU
		{60A3E73A-D837-441E-9639-0DE244DC9B21}.Debug|x86.ActiveCfg = Debug|Any CPU
		{60A3E73A-D837-441E-9639-0DE244DC9B21}.Debug|x86.Build.0 = Debug|Any CPU
		{60A3E73A-D837-441E-9639-0DE244DC9B21}.Release|Any CPU.ActiveCfg = Release|Any CPU
		{60A3E73A-D837-441E-9639-0DE244DC9B21}.Release|Any CPU.Build.0 = Release|Any CPU
		{60A3E73A-D837-441E-9639-0DE244DC9B21}.Release|x64.ActiveCfg = Release|Any CPU
		{60A3E73A-D837-441E-9639-0DE244DC9B21}.Release|x64.Build.0 = Release|Any CPU
		{60A3E73A-D837-441E-9639-0DE244DC9B21}.Release|x86.ActiveCfg = Release|Any CPU
		{60A3E73A-D837-441E-9639-0DE244DC9B21}.Release|x86.Build.0 = Release|Any CPU
	EndGlobalSection
EndGlobal
